dependencies:
  espressif/esp_codec_dev:
    component_hash: 0d9e9bc288156eb55f79338d312e1ebf8c9dfbd5e7d13ef0f20ccb031b4e15cf
    dependencies:
    - name: idf
      require: private
      version: '>=4.0'
    source:
      registry_url: https://components.espressif.com/
      type: service
    version: 1.5.4
  espressif/mdns:
    component_hash: 7c0fa01a1cd0e72a87ec1928c3b661c0a3a9034a6d3a69dcf4850db8c6f272db
    dependencies:
    - name: idf
      require: private
      version: '>=5.0'
    source:
      registry_url: https://components.espressif.com/
      type: service
    version: 1.10.1
  idf:
    source:
      type: idf
    version: 5.4.1
direct_dependencies:
- espressif/esp_codec_dev
- espressif/mdns
- idf
manifest_hash: 2704538c7ac3ee1290ddbba2643428df370224b3b883e3c937aea0298c378c72
target: esp32
version: 2.0.0
